
Microsoft Visual Studio Solution File, Format Version 12.00
# Visual Studio Version 17
Project("{FAE04EC0-301F-11D3-BF4B-00C04F79EFBC}") = "ProxmoxSharp", "src\ProxmoxSharp\ProxmoxSharp.csproj", "{A2756937-8D07-4164-9CB7-2C94E9FE0A08}"
EndProject
Project("{FAE04EC0-301F-11D3-BF4B-00C04F79EFBC}") = "ProxmoxSharp.Tests", "src\ProxmoxSharp.Tests\ProxmoxSharp.Tests.csproj", "{0A59E867-1A89-4E07-ABE7-E7DC2FEE9317}"
EndProject
Global
	GlobalSection(SolutionConfigurationPlatforms) = preSolution
		Debug|Any CPU = Debug|Any CPU
		Release|Any CPU = Release|Any CPU
	EndGlobalSection
	GlobalSection(ProjectConfigurationPlatforms) = postSolution
		{A2756937-8D07-4164-9CB7-2C94E9FE0A08}.Debug|Any CPU.ActiveCfg = Debug|Any CPU
		{A2756937-8D07-4164-9CB7-2C94E9FE0A08}.Debug|Any CPU.Build.0 = Debug|Any CPU
		{A2756937-8D07-4164-9CB7-2C94E9FE0A08}.Release|Any CPU.ActiveCfg = Release|Any CPU
		{A2756937-8D07-4164-9CB7-2C94E9FE0A08}.Release|Any CPU.Build.0 = Release|Any CPU
		{0A59E867-1A89-4E07-ABE7-E7DC2FEE9317}.Debug|Any CPU.ActiveCfg = Debug|Any CPU
		{0A59E867-1A89-4E07-ABE7-E7DC2FEE9317}.Debug|Any CPU.Build.0 = Debug|Any CPU
		{0A59E867-1A89-4E07-ABE7-E7DC2FEE9317}.Release|Any CPU.ActiveCfg = Release|Any CPU
		{0A59E867-1A89-4E07-ABE7-E7DC2FEE9317}.Release|Any CPU.Build.0 = Release|Any CPU
	EndGlobalSection
	GlobalSection(SolutionProperties) = preSolution
		HideSolutionNode = FALSE
	EndGlobalSection
EndGlobal
